PODS:
  - Capacitor (7.4.3):
    - CapacitorCordova
  - CapacitorApp (7.1.0):
    - Capacitor
  - CapacitorBrowser (7.0.2):
    - Capacitor
  - CapacitorCordova (7.4.3)
  - CapacitorDevice (7.0.2):
    - Capacitor
  - CapacitorFilesystem (7.1.4):
    - Capacitor
    - IONFilesystemLib (~> 1.0.1)
  - CapacitorShare (7.0.2):
    - Capacitor
  - CapawesomeCapacitorFilePicker (7.2.0):
    - Capacitor
  - IONFilesystemLib (1.0.1)

DEPENDENCIES:
  - "Capacitor (from `../../node_modules/@capacitor/ios`)"
  - "CapacitorApp (from `../../node_modules/@capacitor/app`)"
  - "CapacitorBrowser (from `../../node_modules/@capacitor/browser`)"
  - "CapacitorCordova (from `../../node_modules/@capacitor/ios`)"
  - "CapacitorDevice (from `../../node_modules/@capacitor/device`)"
  - "CapacitorFilesystem (from `../../node_modules/@capacitor/filesystem`)"
  - "CapacitorShare (from `../../node_modules/@capacitor/share`)"
  - "CapawesomeCapacitorFilePicker (from `../../node_modules/@capawesome/capacitor-file-picker`)"

SPEC REPOS:
  trunk:
    - IONFilesystemLib

EXTERNAL SOURCES:
  Capacitor:
    :path: "../../node_modules/@capacitor/ios"
  CapacitorApp:
    :path: "../../node_modules/@capacitor/app"
  CapacitorBrowser:
    :path: "../../node_modules/@capacitor/browser"
  CapacitorCordova:
    :path: "../../node_modules/@capacitor/ios"
  CapacitorDevice:
    :path: "../../node_modules/@capacitor/device"
  CapacitorFilesystem:
    :path: "../../node_modules/@capacitor/filesystem"
  CapacitorShare:
    :path: "../../node_modules/@capacitor/share"
  CapawesomeCapacitorFilePicker:
    :path: "../../node_modules/@capawesome/capacitor-file-picker"

SPEC CHECKSUMS:
  Capacitor: 28d6c01026a9a3f7156529498ec1f389a2a28dbc
  CapacitorApp: 26587c2ce485d88ddb39adb21cac64f8e481afe3
  CapacitorBrowser: 22541e48442de44dc629c214388290d6eecc6ae9
  CapacitorCordova: 435121e81a2df4d0034f0fb11fcefab5104cfdb5
  CapacitorDevice: 81ae78d5d1942707caad79276badd458bf6ec603
  CapacitorFilesystem: f9bd850c41e048180e5dc0cbb90f2033ede9d2cc
  CapacitorShare: be166411fa995ead2d39b104aa0aae56d8615c66
  CapawesomeCapacitorFilePicker: 0f4a913a00e39dd77213449f0d917e92f35a5ca9
  IONFilesystemLib: 89258b8e3e85465da93127d25d7ce37f977e8a6f

PODFILE CHECKSUM: e56933aba473b34e66297e17ad073c8b8238a069

COCOAPODS: 1.16.2
