PODS:
  - Capacitor (6.1.2):
    - CapacitorCordova
  - CapacitorApp (6.0.1):
    - Capacitor
  - CapacitorCordova (6.1.2)
  - CapacitorDevice (6.0.1):
    - Capacitor
  - CapacitorFilesystem (6.0.1):
    - Capacitor
  - CapacitorShare (6.0.2):
    - Capacitor

DEPENDENCIES:
  - "Capacitor (from `../../node_modules/@capacitor/ios`)"
  - "CapacitorApp (from `../../node_modules/@capacitor/app`)"
  - "CapacitorCordova (from `../../node_modules/@capacitor/ios`)"
  - "CapacitorDevice (from `../../node_modules/@capacitor/device`)"
  - "CapacitorFilesystem (from `../../node_modules/@capacitor/filesystem`)"
  - "CapacitorShare (from `../../node_modules/@capacitor/share`)"

EXTERNAL SOURCES:
  Capacitor:
    :path: "../../node_modules/@capacitor/ios"
  CapacitorApp:
    :path: "../../node_modules/@capacitor/app"
  CapacitorCordova:
    :path: "../../node_modules/@capacitor/ios"
  CapacitorDevice:
    :path: "../../node_modules/@capacitor/device"
  CapacitorFilesystem:
    :path: "../../node_modules/@capacitor/filesystem"
  CapacitorShare:
    :path: "../../node_modules/@capacitor/share"

SPEC CHECKSUMS:
  Capacitor: 48e69f3d54640fb30dc99a8e711bb645b11c0283
  CapacitorApp: 5d3b9275003a1bb33ee5310fb398b82c9ebc7ca5
  CapacitorCordova: bab53e0b5106da1b6293a750a68df9c477461b91
  CapacitorDevice: ee4f3c1e73a17ba41b9d0c1155aacb676a9699cd
  CapacitorFilesystem: 562c1519478e3a74e17edc4ea45bfb725b666346
  CapacitorShare: 86e1dee41cecee0b51a64893e2e23e0833af4e7f

PODFILE CHECKSUM: e2e39c7539dc519b99fdd11472b244536925c220

COCOAPODS: 1.5.2
